
Microsoft Visual Studio Solution File, Format Version 12.00
# Visual Studio Version 16
VisualStudioVersion = 16.0.31829.152
MinimumVisualStudioVersion = 10.0.40219.1
Project("{FAE04EC0-301F-11D3-BF4B-00C04F79EFBC}") = "SDA2035_WPF_HW20", "SDA2035_WPF_HW20\SDA2035_WPF_HW20.csproj", "{4D24FFC3-7922-4E15-9FA1-20A4AD25C47E}"
EndProject
Global
	GlobalSection(SolutionConfigurationPlatforms) = preSolution
		Debug|Any CPU = Debug|Any CPU
		Release|Any CPU = Release|Any CPU
	EndGlobalSection
	GlobalSection(ProjectConfigurationPlatforms) = postSolution
		{4D24FFC3-7922-4E15-9FA1-20A4AD25C47E}.Debug|Any CPU.ActiveCfg = Debug|Any CPU
		{4D24FFC3-7922-4E15-9FA1-20A4AD25C47E}.Debug|Any CPU.Build.0 = Debug|Any CPU
		{4D24FFC3-7922-4E15-9FA1-20A4AD25C47E}.Release|Any CPU.ActiveCfg = Release|Any CPU
		{4D24FFC3-7922-4E15-9FA1-20A4AD25C47E}.Release|Any CPU.Build.0 = Release|Any CPU
	EndGlobalSection
	GlobalSection(SolutionProperties) = preSolution
		HideSolutionNode = FALSE
	EndGlobalSection
	GlobalSection(ExtensibilityGlobals) = postSolution
		SolutionGuid = {E0D98FD4-0967-4284-9EDA-021CA9C7257E}
	EndGlobalSection
EndGlobal
